github.com/yindaheng98/go-utility v0.0.0-20200201112743-8ea59a08f351 h1:AtugZpLl+4gMI8hsQxqrdHGnKtqnyLsHmGpxH01SAeM=
github.com/yindaheng98/go-utility v0.0.0-20200201112743-8ea59a08f351/go.mod h1:jAdOhT7aQmcfOW901gOCnOLvS4qKrO5Dz/McsDrsyl8=
github.com/yindaheng98/go-utility v0.0.0-20200202062531-9c80b281060c h1:eEDlZopDIF2XY36j82M3SsEiwwBibECWbGnFLOH2zjM=
github.com/yindaheng98/go-utility v0.0.0-20200202062531-9c80b281060c/go.mod h1:jAdOhT7aQmcfOW901gOCnOLvS4qKrO5Dz/McsDrsyl8=
github.com/yindaheng98/go-utility v0.0.0-20200207124148-7db3e141b154 h1:6iXBOr4rGHOii12IZo6lSLSgNLF9ijov7nXTfn4GYqU=
github.com/yindaheng98/go-utility v0.0.0-20200207124148-7db3e141b154/go.mod h1:jAdOhT7aQmcfOW901gOCnOLvS4qKrO5Dz/McsDrsyl8=
github.com/yindaheng98/go-utility v0.0.0-20200208074347-b1ba00a2d881 h1:21KDBQBRixO02XvRtA/6kPJAbzBcBk1OjdDoIrwWSMM=
github.com/yindaheng98/go-utility v0.0.0-20200208074347-b1ba00a2d881/go.mod h1:jAdOhT7aQmcfOW901gOCnOLvS4qKrO5Dz/McsDrsyl8=
