github.com/yindaheng98/go-utility v0.0.0-20200309115846-83b304e8e086 h1:xx+tMQFfiw7hx7VS48MrLhIgGWamppUWk+DDL4O7l9A=
github.com/yindaheng98/go-utility v0.0.0-20200309115846-83b304e8e086/go.mod h1:jAdOhT7aQmcfOW901gOCnOLvS4qKrO5Dz/McsDrsyl8=
github.com/yindaheng98/go-utility v0.0.0-20200313133210-0b5b19c7235c/go.mod h1:jAdOhT7aQmcfOW901gOCnOLvS4qKrO5Dz/McsDrsyl8=
